
Microsoft Visual Studio Solution File, Format Version 12.00
# Visual Studio 15
VisualStudioVersion = 15.0.27703.2018
MinimumVisualStudioVersion = 10.0.40219.1
Project("{FAE04EC0-301F-11D3-BF4B-00C04F79EFBC}") = "ApiApp", "ApiApp\ApiApp.csproj", "{F5ADEB68-6010-4D3E-8514-107D4C7BE80A}"
EndProject
Project("{FAE04EC0-301F-11D3-BF4B-00C04F79EFBC}") = "ApiApp.Tests", "ApiApp.Tests\ApiApp.Tests.csproj", "{E71F8C64-380F-44E7-813B-823DBCA7AAF9}"
EndProject
Global
	GlobalSection(SolutionConfigurationPlatforms) = preSolution
		Debug|Any CPU = Debug|Any CPU
		Release|Any CPU = Release|Any CPU
	EndGlobalSection
	GlobalSection(ProjectConfigurationPlatforms) = postSolution
		{F5ADEB68-6010-4D3E-8514-107D4C7BE80A}.Debug|Any CPU.ActiveCfg = Debug|Any CPU
		{F5ADEB68-6010-4D3E-8514-107D4C7BE80A}.Debug|Any CPU.Build.0 = Debug|Any CPU
		{F5ADEB68-6010-4D3E-8514-107D4C7BE80A}.Release|Any CPU.ActiveCfg = Release|Any CPU
		{F5ADEB68-6010-4D3E-8514-107D4C7BE80A}.Release|Any CPU.Build.0 = Release|Any CPU
		{E71F8C64-380F-44E7-813B-823DBCA7AAF9}.Debug|Any CPU.ActiveCfg = Debug|Any CPU
		{E71F8C64-380F-44E7-813B-823DBCA7AAF9}.Debug|Any CPU.Build.0 = Debug|Any CPU
		{E71F8C64-380F-44E7-813B-823DBCA7AAF9}.Release|Any CPU.ActiveCfg = Release|Any CPU
		{E71F8C64-380F-44E7-813B-823DBCA7AAF9}.Release|Any CPU.Build.0 = Release|Any CPU
	EndGlobalSection
	GlobalSection(SolutionProperties) = preSolution
		HideSolutionNode = FALSE
	EndGlobalSection
	GlobalSection(ExtensibilityGlobals) = postSolution
		SolutionGuid = {DAF9BA00-28FD-415E-B117-CCF2BD038034}
	EndGlobalSection
EndGlobal
